{
  "name": "ocs-stats",
  "version": "1.2.1",
  "lockfileVersion": 3,
  "requires": true,
  "packages": {
    "": {
      "name": "ocs-stats",
      "version": "1.2.1",
      "license": "MIT",
      "bin": {
        "ocs-stats": "bin/cli.js"
      },
      "engines": {
        "node": ">=18"
      }
    }
  }
}
